
Microsoft Visual Studio Solution File, Format Version 12.00
# Visual Studio Version 17
VisualStudioVersion = 17.13.35919.96
MinimumVisualStudioVersion = 10.0.40219.1
Project("{FAE04EC0-301F-11D3-BF4B-00C04F79EFBC}") = "BreweryApi.App", "BreweryApi\BreweryApi.App.csproj", "{723AE25E-8DBB-46CE-85AA-4F7BB7FB72D4}"
EndProject
Project("{FAE04EC0-301F-11D3-BF4B-00C04F79EFBC}") = "BreweryApi.Services", "Services\BreweryApi.Services.csproj", "{BB761FC0-7D62-4599-822A-602B10649733}"
EndProject
Project("{FAE04EC0-301F-11D3-BF4B-00C04F79EFBC}") = "BreweryApi.Clients", "Clients\BreweryApi.Clients.csproj", "{DBE02DBA-DD45-4B26-8C0C-7DBB8319107D}"
EndProject
Project("{FAE04EC0-301F-11D3-BF4B-00C04F79EFBC}") = "BreweryApi.Models", "Models\BreweryApi.Models.csproj", "{4F462440-AF31-433E-A874-389F48EF16A1}"
EndProject
Project("{2150E333-8FDC-42A3-9474-1A3956D46DE8}") = "Documentation", "Documentation", "{02EA681E-C7D8-13C7-8484-4AC65E1B71E8}"
	ProjectSection(SolutionItems) = preProject
		..\..\..\..\Personal\learn\2026\Wipro\Demo\Brewery_API_Overview.docx = ..\..\..\..\Personal\learn\2026\Wipro\Demo\Brewery_API_Overview.docx
	EndProjectSection
EndProject
Global
	GlobalSection(SolutionConfigurationPlatforms) = preSolution
		Debug|Any CPU = Debug|Any CPU
		Release|Any CPU = Release|Any CPU
	EndGlobalSection
	GlobalSection(ProjectConfigurationPlatforms) = postSolution
		{723AE25E-8DBB-46CE-85AA-4F7BB7FB72D4}.Debug|Any CPU.ActiveCfg = Debug|Any CPU
		{723AE25E-8DBB-46CE-85AA-4F7BB7FB72D4}.Debug|Any CPU.Build.0 = Debug|Any CPU
		{723AE25E-8DBB-46CE-85AA-4F7BB7FB72D4}.Release|Any CPU.ActiveCfg = Release|Any CPU
		{723AE25E-8DBB-46CE-85AA-4F7BB7FB72D4}.Release|Any CPU.Build.0 = Release|Any CPU
		{BB761FC0-7D62-4599-822A-602B10649733}.Debug|Any CPU.ActiveCfg = Debug|Any CPU
		{BB761FC0-7D62-4599-822A-602B10649733}.Debug|Any CPU.Build.0 = Debug|Any CPU
		{BB761FC0-7D62-4599-822A-602B10649733}.Release|Any CPU.ActiveCfg = Release|Any CPU
		{BB761FC0-7D62-4599-822A-602B10649733}.Release|Any CPU.Build.0 = Release|Any CPU
		{DBE02DBA-DD45-4B26-8C0C-7DBB8319107D}.Debug|Any CPU.ActiveCfg = Debug|Any CPU
		{DBE02DBA-DD45-4B26-8C0C-7DBB8319107D}.Debug|Any CPU.Build.0 = Debug|Any CPU
		{DBE02DBA-DD45-4B26-8C0C-7DBB8319107D}.Release|Any CPU.ActiveCfg = Release|Any CPU
		{DBE02DBA-DD45-4B26-8C0C-7DBB8319107D}.Release|Any CPU.Build.0 = Release|Any CPU
		{4F462440-AF31-433E-A874-389F48EF16A1}.Debug|Any CPU.ActiveCfg = Debug|Any CPU
		{4F462440-AF31-433E-A874-389F48EF16A1}.Debug|Any CPU.Build.0 = Debug|Any CPU
		{4F462440-AF31-433E-A874-389F48EF16A1}.Release|Any CPU.ActiveCfg = Release|Any CPU
		{4F462440-AF31-433E-A874-389F48EF16A1}.Release|Any CPU.Build.0 = Release|Any CPU
	EndGlobalSection
	GlobalSection(SolutionProperties) = preSolution
		HideSolutionNode = FALSE
	EndGlobalSection
	GlobalSection(ExtensibilityGlobals) = postSolution
		SolutionGuid = {600054F7-A458-4E62-AADF-74281AC061E0}
	EndGlobalSection
EndGlobal
